
Microsoft Visual Studio Solution File, Format Version 12.00
# Visual Studio Version 17
VisualStudioVersion = 17.13.35931.197 d17.13
MinimumVisualStudioVersion = 10.0.40219.1
Project("{FAE04EC0-301F-11D3-BF4B-00C04F79EFBC}") = "SampleWebApp", "WebApplication1\SampleWebApp.csproj", "{109D3750-A634-46E9-9646-4DAFC8CD2AEA}"
EndProject
Project("{FAE04EC0-301F-11D3-BF4B-00C04F79EFBC}") = "SampleWebApi", "SampleWebApi\SampleWebApi.csproj", "{D526673D-370D-452F-AAE9-84B08C2BEA21}"
EndProject
Global
	GlobalSection(SolutionConfigurationPlatforms) = preSolution
		Debug|Any CPU = Debug|Any CPU
		Release|Any CPU = Release|Any CPU
	EndGlobalSection
	GlobalSection(ProjectConfigurationPlatforms) = postSolution
		{109D3750-A634-46E9-9646-4DAFC8CD2AEA}.Debug|Any CPU.ActiveCfg = Debug|Any CPU
		{109D3750-A634-46E9-9646-4DAFC8CD2AEA}.Debug|Any CPU.Build.0 = Debug|Any CPU
		{109D3750-A634-46E9-9646-4DAFC8CD2AEA}.Release|Any CPU.ActiveCfg = Release|Any CPU
		{109D3750-A634-46E9-9646-4DAFC8CD2AEA}.Release|Any CPU.Build.0 = Release|Any CPU
		{D526673D-370D-452F-AAE9-84B08C2BEA21}.Debug|Any CPU.ActiveCfg = Debug|Any CPU
		{D526673D-370D-452F-AAE9-84B08C2BEA21}.Debug|Any CPU.Build.0 = Debug|Any CPU
		{D526673D-370D-452F-AAE9-84B08C2BEA21}.Release|Any CPU.ActiveCfg = Release|Any CPU
		{D526673D-370D-452F-AAE9-84B08C2BEA21}.Release|Any CPU.Build.0 = Release|Any CPU
	EndGlobalSection
	GlobalSection(SolutionProperties) = preSolution
		HideSolutionNode = FALSE
	EndGlobalSection
	GlobalSection(ExtensibilityGlobals) = postSolution
		SolutionGuid = {112ED3D2-CDCD-4ABD-9E07-5DF0D2021BE1}
	EndGlobalSection
EndGlobal
